{
	"name": "nodecliqmessageactionhandler",
	"version": "1.0.0",
	"lockfileVersion": 2,
	"requires": true,
	"packages": {
		"": {
			"name": "nodecliqmessageactionhandler",
			"version": "1.0.0",
			"dependencies": {
				"zcatalyst-integ-cliq": "latest",
				"zcatalyst-sdk-node": "^2.1.0"
			}
		},
		"node_modules/zcatalyst-integ-cliq": {
			"version": "1.0.0",
			"resolved": "https://registry.npmjs.org/zcatalyst-integ-cliq/-/zcatalyst-integ-cliq-1.0.0.tgz",
			"integrity": "sha512-IFS1Viqg+a9AtyywSO6N0CMmH1K2zFajsdDD+teXoEcXpUhPJlF3NKIoiLaIstkSZ9jCUmXsB/1sIJc3yT+Vuw==",
			"dependencies": {
				"zcatalyst-sdk-node": "^2.0.1"
			},
			"engines": {
				"node": ">=12.0.0"
			}
		},
		"node_modules/zcatalyst-sdk-node": {
			"version": "2.3.0",
			"resolved": "https://registry.npmjs.org/zcatalyst-sdk-node/-/zcatalyst-sdk-node-2.3.0.tgz",
			"integrity": "sha512-xo7WlWKjcMmcB6S/dnqoKQ9wmRx3eP3UzoDeQmeKOnY8VwftxPuFttRjCRe7nPvrVa0t5YJZcW+KTdfUwN4nIQ==",
			"engines": {
				"node": ">=10.0.0"
			}
		}
	},
	"dependencies": {
		"zcatalyst-integ-cliq": {
			"version": "1.0.0",
			"resolved": "https://registry.npmjs.org/zcatalyst-integ-cliq/-/zcatalyst-integ-cliq-1.0.0.tgz",
			"integrity": "sha512-IFS1Viqg+a9AtyywSO6N0CMmH1K2zFajsdDD+teXoEcXpUhPJlF3NKIoiLaIstkSZ9jCUmXsB/1sIJc3yT+Vuw==",
			"requires": {
				"zcatalyst-sdk-node": "^2.0.1"
			}
		},
		"zcatalyst-sdk-node": {
			"version": "2.3.0",
			"resolved": "https://registry.npmjs.org/zcatalyst-sdk-node/-/zcatalyst-sdk-node-2.3.0.tgz",
			"integrity": "sha512-xo7WlWKjcMmcB6S/dnqoKQ9wmRx3eP3UzoDeQmeKOnY8VwftxPuFttRjCRe7nPvrVa0t5YJZcW+KTdfUwN4nIQ=="
		}
	}
}
